// !$*UTF8*$!
{
	archiveVersion = 1;
	classes = {
	};
	objectVersion = 48;
	objects = {

/* Begin PBXBuildFile section */
		398D0DA55CBB441C2A7E5116 /* Pods_SunriseSunset.framework in Frameworks */ = {isa = PBXBuildFile; fileRef = 9624AFDF0A9B76E8E1DFE1A9 /* Pods_SunriseSunset.framework */; };
		840413181FC2DE5C0015306C /* AppDelegate.swift in Sources */ = {isa = PBXBuildFile; fileRef = 840413171FC2DE5C0015306C /* AppDelegate.swift */; };
		8404131D1FC2DE5C0015306C /* Main.storyboard in Resources */ = {isa = PBXBuildFile; fileRef = 8404131B1FC2DE5C0015306C /* Main.storyboard */; };
		8404131F1FC2DE5C0015306C /* Assets.xcassets in Resources */ = {isa = PBXBuildFile; fileRef = 8404131E1FC2DE5C0015306C /* Assets.xcassets */; };
		840413221FC2DE5C0015306C /* LaunchScreen.storyboard in Resources */ = {isa = PBXBuildFile; fileRef = 840413201FC2DE5C0015306C /* LaunchScreen.storyboard */; };
		847032751FC3111E0079DACA /* ViewController.swift in Sources */ = {isa = PBXBuildFile; fileRef = 847032741FC3111E0079DACA /* ViewController.swift */; };
/* End PBXBuildFile section */

/* Begin PBXFileReference section */
		48F9EB1C21ACD3CE12AEEDE2 /* Pods-SunriseSunset.release.xcconfig */ = {isa = PBXFileReference; includeInIndex = 1; lastKnownFileType = text.xcconfig; name = "Pods-SunriseSunset.release.xcconfig"; path = "Pods/Target Support Files/Pods-SunriseSunset/Pods-SunriseSunset.release.xcconfig"; sourceTree = "<group>"; };
		79FC8B09C06CE0CD5ADBEB4B /* Pods-SunriseSunset.debug.xcconfig */ = {isa = PBXFileReference; includeInIndex = 1; lastKnownFileType = text.xcconfig; name = "Pods-SunriseSunset.debug.xcconfig"; path = "Pods/Target Support Files/Pods-SunriseSunset/Pods-SunriseSunset.debug.xcconfig"; sourceTree = "<group>"; };
		840413141FC2DE5C0015306C /* SunriseSunset.app */ = {isa = PBXFileReference; explicitFileType = wrapper.application; includeInIndex = 0; path = SunriseSunset.app; sourceTree = BUILT_PRODUCTS_DIR; };
		840413171FC2DE5C0015306C /* AppDelegate.swift */ = {isa = PBXFileReference; lastKnownFileType = sourcecode.swift; path = AppDelegate.swift; sourceTree = "<group>"; };
		8404131C1FC2DE5C0015306C /* Base */ = {isa = PBXFileReference; lastKnownFileType = file.storyboard; name = Base; path = Base.lproj/Main.storyboard; sourceTree = "<group>"; };
		8404131E1FC2DE5C0015306C /* Assets.xcassets */ = {isa = PBXFileReference; lastKnownFileType = folder.assetcatalog; path = Assets.xcassets; sourceTree = "<group>"; };
		840413211FC2DE5C0015306C /* Base */ = {isa = PBXFileReference; lastKnownFileType = file.storyboard; name = Base; path = Base.lproj/LaunchScreen.storyboard; sourceTree = "<group>"; };
		840413231FC2DE5C0015306C /* Info.plist */ = {isa = PBXFileReference; lastKnownFileType = text.plist.xml; path = Info.plist; sourceTree = "<group>"; };
		847032741FC3111E0079DACA /* ViewController.swift */ = {isa = PBXFileReference; lastKnownFileType = sourcecode.swift; path = ViewController.swift; sourceTree = "<group>"; };
		9624AFDF0A9B76E8E1DFE1A9 /* Pods_SunriseSunset.framework */ = {isa = PBXFileReference; explicitFileType = wrapper.framework; includeInIndex = 0; path = Pods_SunriseSunset.framework; sourceTree = BUILT_PRODUCTS_DIR; };
/* End PBXFileReference section */

/* Begin PBXFrameworksBuildPhase section */
		840413111FC2DE5C0015306C /* Frameworks */ = {
			isa = PBXFrameworksBuildPhase;
			buildActionMask = 2147483647;
			files = (
				398D0DA55CBB441C2A7E5116 /* Pods_SunriseSunset.framework in Frameworks */,
			);
			runOnlyForDeploymentPostprocessing = 0;
		};
/* End PBXFrameworksBuildPhase section */

/* Begin PBXGroup section */
		5CA949E668C1FBF247DFCBE4 /* Frameworks */ = {
			isa = PBXGroup;
			children = (
				9624AFDF0A9B76E8E1DFE1A9 /* Pods_SunriseSunset.framework */,
			);
			name = Frameworks;
			sourceTree = "<group>";
		};
		782BC7F8AC2DA87E965545AE /* Pods */ = {
			isa = PBXGroup;
			children = (
				79FC8B09C06CE0CD5ADBEB4B /* Pods-SunriseSunset.debug.xcconfig */,
				48F9EB1C21ACD3CE12AEEDE2 /* Pods-SunriseSunset.release.xcconfig */,
			);
			name = Pods;
			sourceTree = "<group>";
		};
		8404130B1FC2DE5C0015306C = {
			isa = PBXGroup;
			children = (
				840413161FC2DE5C0015306C /* SunriseSunset */,
				840413151FC2DE5C0015306C /* Products */,
				782BC7F8AC2DA87E965545AE /* Pods */,
				5CA949E668C1FBF247DFCBE4 /* Frameworks */,
			);
			sourceTree = "<group>";
		};
		840413151FC2DE5C0015306C /* Products */ = {
			isa = PBXGroup;
			children = (
				840413141FC2DE5C0015306C /* SunriseSunset.app */,
			);
			name = Products;
			sourceTree = "<group>";
		};
		840413161FC2DE5C0015306C /* SunriseSunset */ = {
			isa = PBXGroup;
			children = (
				840413171FC2DE5C0015306C /* AppDelegate.swift */,
				847032741FC3111E0079DACA /* ViewController.swift */,
				8404131B1FC2DE5C0015306C /* Main.storyboard */,
				8404131E1FC2DE5C0015306C /* Assets.xcassets */,
				840413201FC2DE5C0015306C /* LaunchScreen.storyboard */,
				840413231FC2DE5C0015306C /* Info.plist */,
			);
			path = SunriseSunset;
			sourceTree = "<group>";
		};
/* End PBXGroup section */

/* Begin PBXNativeTarget section */
		840413131FC2DE5C0015306C /* SunriseSunset */ = {
			isa = PBXNativeTarget;
			buildConfigurationList = 840413261FC2DE5C0015306C /* Build configuration list for PBXNativeTarget "SunriseSunset" */;
			buildPhases = (
				08C254677DA8D9EEE9C7A0F1 /* [CP] Check Pods Manifest.lock */,
				840413101FC2DE5C0015306C /* Sources */,
				840413111FC2DE5C0015306C /* Frameworks */,
				840413121FC2DE5C0015306C /* Resources */,
				56E56D303BFD4C3AB4937960 /* [CP] Embed Pods Frameworks */,
				39A445C342DCF23DDB88A426 /* [CP] Copy Pods Resources */,
			);
			buildRules = (
			);
			dependencies = (
			);
			name = SunriseSunset;
			productName = SunriseSunset;
			productReference = 840413141FC2DE5C0015306C /* SunriseSunset.app */;
			productType = "com.apple.product-type.application";
		};
/* End PBXNativeTarget section */

/* Begin PBXProject section */
		8404130C1FC2DE5C0015306C /* Project object */ = {
			isa = PBXProject;
			attributes = {
				LastSwiftUpdateCheck = 0910;
				LastUpgradeCheck = 0910;
				ORGANIZATIONNAME = Admin;
				TargetAttributes = {
					840413131FC2DE5C0015306C = {
						CreatedOnToolsVersion = 9.1;
						ProvisioningStyle = Automatic;
					};
				};
			};
			buildConfigurationList = 8404130F1FC2DE5C0015306C /* Build configuration list for PBXProject "SunriseSunset" */;
			compatibilityVersion = "Xcode 8.0";
			developmentRegion = en;
			hasScannedForEncodings = 0;
			knownRegions = (
				en,
				Base,
			);
			mainGroup = 8404130B1FC2DE5C0015306C;
			productRefGroup = 840413151FC2DE5C0015306C /* Products */;
			projectDirPath = "";
			projectRoot = "";
			targets = (
				840413131FC2DE5C0015306C /* SunriseSunset */,
			);
		};
/* End PBXProject section */

/* Begin PBXResourcesBuildPhase section */
		840413121FC2DE5C0015306C /* Resources */ = {
			isa = PBXResourcesBuildPhase;
			buildActionMask = 2147483647;
			files = (
				840413221FC2DE5C0015306C /* LaunchScreen.storyboard in Resources */,
				8404131F1FC2DE5C0015306C /* Assets.xcassets in Resources */,
				8404131D1FC2DE5C0015306C /* Main.storyboard in Resources */,
			);
			runOnlyForDeploymentPostprocessing = 0;
		};
/* End PBXResourcesBuildPhase section */

/* Begin PBXShellScriptBuildPhase section */
		08C254677DA8D9EEE9C7A0F1 /* [CP] Check Pods Manifest.lock */ = {
			isa = PBXShellScriptBuildPhase;
			buildActionMask = 2147483647;
			files = (
			);
			inputPaths = (
				"${PODS_PODFILE_DIR_PATH}/Podfile.lock",
				"${PODS_ROOT}/Manifest.lock",
			);
			name = "[CP] Check Pods Manifest.lock";
			outputPaths = (
				"$(DERIVED_FILE_DIR)/Pods-SunriseSunset-checkManifestLockResult.txt",
			);
			runOnlyForDeploymentPostprocessing = 0;
			shellPath = /bin/sh;
			shellScript = "diff \"${PODS_PODFILE_DIR_PATH}/Podfile.lock\" \"${PODS_ROOT}/Manifest.lock\" > /dev/null\nif [ $? != 0 ] ; then\n    # print error to STDERR\n    echo \"error: The sandbox is not in sync with the Podfile.lock. Run 'pod install' or update your CocoaPods installation.\" >&2\n    exit 1\nfi\n# This output is used by Xcode 'outputs' to avoid re-running this script phase.\necho \"SUCCESS\" > \"${SCRIPT_OUTPUT_FILE_0}\"\n";
			showEnvVarsInLog = 0;
		};
		39A445C342DCF23DDB88A426 /* [CP] Copy Pods Resources */ = {
			isa = PBXShellScriptBuildPhase;
			buildActionMask = 2147483647;
			files = (
			);
			inputPaths = (
				"${SRCROOT}/Pods/Target Support Files/Pods-SunriseSunset/Pods-SunriseSunset-resources.sh",
				"${PODS_ROOT}/GoogleMaps/Maps/Frameworks/GoogleMaps.framework/Resources/GoogleMaps.bundle",
				"${PODS_ROOT}/GooglePlacePicker/Frameworks/GooglePlacePicker.framework/Resources/GooglePlacePicker.bundle",
				"${PODS_ROOT}/GooglePlaces/Frameworks/GooglePlaces.framework/Resources/GooglePlaces.bundle",
			);
			name = "[CP] Copy Pods Resources";
			outputPaths = (
				"${TARGET_BUILD_DIR}/${UNLOCALIZED_RESOURCES_FOLDER_PATH}",
			);
			runOnlyForDeploymentPostprocessing = 0;
			shellPath = /bin/sh;
			shellScript = "\"${SRCROOT}/Pods/Target Support Files/Pods-SunriseSunset/Pods-SunriseSunset-resources.sh\"\n";
			showEnvVarsInLog = 0;
		};
		56E56D303BFD4C3AB4937960 /* [CP] Embed Pods Frameworks */ = {
			isa = PBXShellScriptBuildPhase;
			buildActionMask = 2147483647;
			files = (
			);
			inputPaths = (
			);
			name = "[CP] Embed Pods Frameworks";
			outputPaths = (
			);
			runOnlyForDeploymentPostprocessing = 0;
			shellPath = /bin/sh;
			shellScript = "\"${SRCROOT}/Pods/Target Support Files/Pods-SunriseSunset/Pods-SunriseSunset-frameworks.sh\"\n";
			showEnvVarsInLog = 0;
		};
/* End PBXShellScriptBuildPhase section */

/* Begin PBXSourcesBuildPhase section */
		840413101FC2DE5C0015306C /* Sources */ = {
			isa = PBXSourcesBuildPhase;
			buildActionMask = 2147483647;
			files = (
				847032751FC3111E0079DACA /* ViewController.swift in Sources */,
				840413181FC2DE5C0015306C /* AppDelegate.swift in Sources */,
			);
			runOnlyForDeploymentPostprocessing = 0;
		};
/* End PBXSourcesBuildPhase section */

/* Begin PBXVariantGroup section */
		8404131B1FC2DE5C0015306C /* Main.storyboard */ = {
			isa = PBXVariantGroup;
			children = (
				8404131C1FC2DE5C0015306C /* Base */,
			);
			name = Main.storyboard;
			sourceTree = "<group>";
		};
		840413201FC2DE5C0015306C /* LaunchScreen.storyboard */ = {
			isa = PBXVariantGroup;
			children = (
				840413211FC2DE5C0015306C /* Base */,
			);
			name = LaunchScreen.storyboard;
			sourceTree = "<group>";
		};
/* End PBXVariantGroup section */

/* Begin XCBuildConfiguration section */
		840413241FC2DE5C0015306C /* Debug */ = {
			isa = XCBuildConfiguration;
			buildSettings = {
				ALWAYS_SEARCH_USER_PATHS = NO;
				CLANG_ANALYZER_NONNULL = YES;
				CLANG_ANALYZER_NUMBER_OBJECT_CONVERSION = YES_AGGRESSIVE;
				CLANG_CXX_LANGUAGE_STANDARD = "gnu++14";
				CLANG_CXX_LIBRARY = "libc++";
				CLANG_ENABLE_MODULES = YES;
				CLANG_ENABLE_OBJC_ARC = YES;
				CLANG_WARN_BLOCK_CAPTURE_AUTORELEASING = YES;
				CLANG_WARN_BOOL_CONVERSION = YES;
				CLANG_WARN_COMMA = YES;
				CLANG_WARN_CONSTANT_CONVERSION = YES;
				CLANG_WARN_DIRECT_OBJC_ISA_USAGE = YES_ERROR;
				CLANG_WARN_DOCUMENTATION_COMMENTS = YES;
				CLANG_WARN_EMPTY_BODY = YES;
				CLANG_WARN_ENUM_CONVERSION = YES;
				CLANG_WARN_INFINITE_RECURSION = YES;
				CLANG_WARN_INT_CONVERSION = YES;
				CLANG_WARN_NON_LITERAL_NULL_CONVERSION = YES;
				CLANG_WARN_OBJC_LITERAL_CONVERSION = YES;
				CLANG_WARN_OBJC_ROOT_CLASS = YES_ERROR;
				CLANG_WARN_RANGE_LOOP_ANALYSIS = YES;
				CLANG_WARN_STRICT_PROTOTYPES = YES;
				CLANG_WARN_SUSPICIOUS_MOVE = YES;
				CLANG_WARN_UNGUARDED_AVAILABILITY = YES_AGGRESSIVE;
				CLANG_WARN_UNREACHABLE_CODE = YES;
				CLANG_WARN__DUPLICATE_METHOD_MATCH = YES;
				CODE_SIGN_IDENTITY = "iPhone Developer";
				COPY_PHASE_STRIP = NO;
				DEBUG_INFORMATION_FORMAT = dwarf;
				ENABLE_STRICT_OBJC_MSGSEND = YES;
				ENABLE_TESTABILITY = YES;
				GCC_C_LANGUAGE_STANDARD = gnu11;
				GCC_DYNAMIC_NO_PIC = NO;
				GCC_NO_COMMON_BLOCKS = YES;
				GCC_OPTIMIZATION_LEVEL = 0;
				GCC_PREPROCESSOR_DEFINITIONS = (
					"DEBUG=1",
					"$(inherited)",
				);
				GCC_WARN_64_TO_32_BIT_CONVERSION = YES;
				GCC_WARN_ABOUT_RETURN_TYPE = YES_ERROR;
				GCC_WARN_UNDECLARED_SELECTOR = YES;
				GCC_WARN_UNINITIALIZED_AUTOS = YES_AGGRESSIVE;
				GCC_WARN_UNUSED_FUNCTION = YES;
				GCC_WARN_UNUSED_VARIABLE = YES;
				IPHONEOS_DEPLOYMENT_TARGET = 11.1;
				MTL_ENABLE_DEBUG_INFO = YES;
				ONLY_ACTIVE_ARCH = YES;
				SDKROOT = iphoneos;
				SWIFT_ACTIVE_COMPILATION_CONDITIONS = DEBUG;
				SWIFT_OPTIMIZATION_LEVEL = "-Onone";
			};
			name = Debug;
		};
		840413251FC2DE5C0015306C /* Release */ = {
			isa = XCBuildConfiguration;
			buildSettings = {
				ALWAYS_SEARCH_USER_PATHS = NO;
				CLANG_ANALYZER_NONNULL = YES;
				CLANG_ANALYZER_NUMBER_OBJECT_CONVERSION = YES_AGGRESSIVE;
				CLANG_CXX_LANGUAGE_STANDARD = "gnu++14";
				CLANG_CXX_LIBRARY = "libc++";
				CLANG_ENABLE_MODULES = YES;
				CLANG_ENABLE_OBJC_ARC = YES;
				CLANG_WARN_BLOCK_CAPTURE_AUTORELEASING = YES;
				CLANG_WARN_BOOL_CONVERSION = YES;
				CLANG_WARN_COMMA = YES;
				CLANG_WARN_CONSTANT_CONVERSION = YES;
				CLANG_WARN_DIRECT_OBJC_ISA_USAGE = YES_ERROR;
				CLANG_WARN_DOCUMENTATION_COMMENTS = YES;
				CLANG_WARN_EMPTY_BODY = YES;
				CLANG_WARN_ENUM_CONVERSION = YES;
				CLANG_WARN_INFINITE_RECURSION = YES;
				CLANG_WARN_INT_CONVERSION = YES;
				CLANG_WARN_NON_LITERAL_NULL_CONVERSION = YES;
				CLANG_WARN_OBJC_LITERAL_CONVERSION = YES;
				CLANG_WARN_OBJC_ROOT_CLASS = YES_ERROR;
				CLANG_WARN_RANGE_LOOP_ANALYSIS = YES;
				CLANG_WARN_STRICT_PROTOTYPES = YES;
				CLANG_WARN_SUSPICIOUS_MOVE = YES;
				CLANG_WARN_UNGUARDED_AVAILABILITY = YES_AGGRESSIVE;
				CLANG_WARN_UNREACHABLE_CODE = YES;
				CLANG_WARN__DUPLICATE_METHOD_MATCH = YES;
				CODE_SIGN_IDENTITY = "iPhone Developer";
				COPY_PHASE_STRIP = NO;
				DEBUG_INFORMATION_FORMAT = "dwarf-with-dsym";
				ENABLE_NS_ASSERTIONS = NO;
				ENABLE_STRICT_OBJC_MSGSEND = YES;
				GCC_C_LANGUAGE_STANDARD = gnu11;
				GCC_NO_COMMON_BLOCKS = YES;
				GCC_WARN_64_TO_32_BIT_CONVERSION = YES;
				GCC_WARN_ABOUT_RETURN_TYPE = YES_ERROR;
				GCC_WARN_UNDECLARED_SELECTOR = YES;
				GCC_WARN_UNINITIALIZED_AUTOS = YES_AGGRESSIVE;
				GCC_WARN_UNUSED_FUNCTION = YES;
				GCC_WARN_UNUSED_VARIABLE = YES;
				IPHONEOS_DEPLOYMENT_TARGET = 11.1;
				MTL_ENABLE_DEBUG_INFO = NO;
				SDKROOT = iphoneos;
				SWIFT_OPTIMIZATION_LEVEL = "-Owholemodule";
				VALIDATE_PRODUCT = YES;
			};
			name = Release;
		};
		840413271FC2DE5C0015306C /* Debug */ = {
			isa = XCBuildConfiguration;
			baseConfigurationReference = 79FC8B09C06CE0CD5ADBEB4B /* Pods-SunriseSunset.debug.xcconfig */;
			buildSettings = {
				ASSETCATALOG_COMPILER_APPICON_NAME = AppIcon;
				CODE_SIGN_STYLE = Automatic;
				DEVELOPMENT_TEAM = LDWUKS5K42;
				INFOPLIST_FILE = SunriseSunset/Info.plist;
				IPHONEOS_DEPLOYMENT_TARGET = 9.3;
				LD_RUNPATH_SEARCH_PATHS = "$(inherited) @executable_path/Frameworks";
				PRODUCT_BUNDLE_IDENTIFIER = "Test-App.SunriseSunset";
				PRODUCT_NAME = "$(TARGET_NAME)";
				SWIFT_VERSION = 4.0;
				TARGETED_DEVICE_FAMILY = "1,2";
			};
			name = Debug;
		};
		840413281FC2DE5C0015306C /* Release */ = {
			isa = XCBuildConfiguration;
			baseConfigurationReference = 48F9EB1C21ACD3CE12AEEDE2 /* Pods-SunriseSunset.release.xcconfig */;
			buildSettings = {
				ASSETCATALOG_COMPILER_APPICON_NAME = AppIcon;
				CODE_SIGN_STYLE = Automatic;
				DEVELOPMENT_TEAM = LDWUKS5K42;
				INFOPLIST_FILE = SunriseSunset/Info.plist;
				IPHONEOS_DEPLOYMENT_TARGET = 9.3;
				LD_RUNPATH_SEARCH_PATHS = "$(inherited) @executable_path/Frameworks";
				PRODUCT_BUNDLE_IDENTIFIER = "Test-App.SunriseSunset";
				PRODUCT_NAME = "$(TARGET_NAME)";
				SWIFT_VERSION = 4.0;
				TARGETED_DEVICE_FAMILY = "1,2";
			};
			name = Release;
		};
/* End XCBuildConfiguration section */

/* Begin XCConfigurationList section */
		8404130F1FC2DE5C0015306C /* Build configuration list for PBXProject "SunriseSunset" */ = {
			isa = XCConfigurationList;
			buildConfigurations = (
				840413241FC2DE5C0015306C /* Debug */,
				840413251FC2DE5C0015306C /* Release */,
			);
			defaultConfigurationIsVisible = 0;
			defaultConfigurationName = Release;
		};
		840413261FC2DE5C0015306C /* Build configuration list for PBXNativeTarget "SunriseSunset" */ = {
			isa = XCConfigurationList;
			buildConfigurations = (
				840413271FC2DE5C0015306C /* Debug */,
				840413281FC2DE5C0015306C /* Release */,
			);
			defaultConfigurationIsVisible = 0;
			defaultConfigurationName = Release;
		};
/* End XCConfigurationList section */
	};
	rootObject = 8404130C1FC2DE5C0015306C /* Project object */;
}
